
Microsoft Visual Studio Solution File, Format Version 12.00
# Visual Studio Version 17
VisualStudioVersion = 17.2.32616.157
MinimumVisualStudioVersion = 10.0.40219.1
Project("{FAE04EC0-301F-11D3-BF4B-00C04F79EFBC}") = "UpNdRunning", "UpNdRunning\UpNdRunning.csproj", "{09B6B38F-83F1-45CE-A39B-BDCD19CF99EA}"
EndProject
Global
	GlobalSection(SolutionConfigurationPlatforms) = preSolution
		Debug|Any CPU = Debug|Any CPU
		Release|Any CPU = Release|Any CPU
	EndGlobalSection
	GlobalSection(ProjectConfigurationPlatforms) = postSolution
		{09B6B38F-83F1-45CE-A39B-BDCD19CF99EA}.Debug|Any CPU.ActiveCfg = Debug|Any CPU
		{09B6B38F-83F1-45CE-A39B-BDCD19CF99EA}.Debug|Any CPU.Build.0 = Debug|Any CPU
		{09B6B38F-83F1-45CE-A39B-BDCD19CF99EA}.Release|Any CPU.ActiveCfg = Release|Any CPU
		{09B6B38F-83F1-45CE-A39B-BDCD19CF99EA}.Release|Any CPU.Build.0 = Release|Any CPU
	EndGlobalSection
	GlobalSection(SolutionProperties) = preSolution
		HideSolutionNode = FALSE
	EndGlobalSection
	GlobalSection(ExtensibilityGlobals) = postSolution
		SolutionGuid = {851A69A4-3E4A-43DC-A7C0-947747E5B323}
	EndGlobalSection
EndGlobal
